
Microsoft Visual Studio Solution File, Format Version 12.00
# Visual Studio Version 17
VisualStudioVersion = 17.7.34031.279
MinimumVisualStudioVersion = 10.0.40219.1
Project("{FAE04EC0-301F-11D3-BF4B-00C04F79EFBC}") = "ArraysInClass", "ArraysInClass\ArraysInClass.csproj", "{F617DFEB-FBFF-444B-961D-2D55BDE56FD9}"
EndProject
Global
	GlobalSection(SolutionConfigurationPlatforms) = preSolution
		Debug|Any CPU = Debug|Any CPU
		Release|Any CPU = Release|Any CPU
	EndGlobalSection
	GlobalSection(ProjectConfigurationPlatforms) = postSolution
		{F617DFEB-FBFF-444B-961D-2D55BDE56FD9}.Debug|Any CPU.ActiveCfg = Debug|Any CPU
		{F617DFEB-FBFF-444B-961D-2D55BDE56FD9}.Debug|Any CPU.Build.0 = Debug|Any CPU
		{F617DFEB-FBFF-444B-961D-2D55BDE56FD9}.Release|Any CPU.ActiveCfg = Release|Any CPU
		{F617DFEB-FBFF-444B-961D-2D55BDE56FD9}.Release|Any CPU.Build.0 = Release|Any CPU
	EndGlobalSection
	GlobalSection(SolutionProperties) = preSolution
		HideSolutionNode = FALSE
	EndGlobalSection
	GlobalSection(ExtensibilityGlobals) = postSolution
		SolutionGuid = {B27EDD79-0720-4237-A8C9-EA958E84148E}
	EndGlobalSection
EndGlobal
